
Microsoft Visual Studio Solution File, Format Version 12.00
# Visual Studio 15
VisualStudioVersion = 15.0.27004.2009
MinimumVisualStudioVersion = 10.0.40219.1
Project("{FAE04EC0-301F-11D3-BF4B-00C04F79EFBC}") = "myMVCpplication1", "myMVCpplication1\myMVCpplication1.csproj", "{B6E407F8-0DAD-485E-9BFD-9FCE142F0DCE}"
EndProject
Global
	GlobalSection(SolutionConfigurationPlatforms) = preSolution
		Debug|Any CPU = Debug|Any CPU
		Release|Any CPU = Release|Any CPU
	EndGlobalSection
	GlobalSection(ProjectConfigurationPlatforms) = postSolution
		{B6E407F8-0DAD-485E-9BFD-9FCE142F0DCE}.Debug|Any CPU.ActiveCfg = Debug|Any CPU
		{B6E407F8-0DAD-485E-9BFD-9FCE142F0DCE}.Debug|Any CPU.Build.0 = Debug|Any CPU
		{B6E407F8-0DAD-485E-9BFD-9FCE142F0DCE}.Release|Any CPU.ActiveCfg = Release|Any CPU
		{B6E407F8-0DAD-485E-9BFD-9FCE142F0DCE}.Release|Any CPU.Build.0 = Release|Any CPU
	EndGlobalSection
	GlobalSection(SolutionProperties) = preSolution
		HideSolutionNode = FALSE
	EndGlobalSection
	GlobalSection(ExtensibilityGlobals) = postSolution
		SolutionGuid = {6995225A-03AE-4FB8-9986-4F034516D30B}
	EndGlobalSection
EndGlobal
